
Microsoft Visual Studio Solution File, Format Version 12.00
# Visual Studio Version 17
VisualStudioVersion = 17.9.34728.123
MinimumVisualStudioVersion = 10.0.40219.1
Project("{FAE04EC0-301F-11D3-BF4B-00C04F79EFBC}") = "Test", "Test.csproj", "{A0A34273-052B-4771-BC57-58F45BCFF010}"
EndProject
Global
	GlobalSection(SolutionConfigurationPlatforms) = preSolution
		Debug|Any CPU = Debug|Any CPU
		Release|Any CPU = Release|Any CPU
	EndGlobalSection
	GlobalSection(ProjectConfigurationPlatforms) = postSolution
		{A0A34273-052B-4771-BC57-58F45BCFF010}.Debug|Any CPU.ActiveCfg = Debug|Any CPU
		{A0A34273-052B-4771-BC57-58F45BCFF010}.Debug|Any CPU.Build.0 = Debug|Any CPU
		{A0A34273-052B-4771-BC57-58F45BCFF010}.Release|Any CPU.ActiveCfg = Release|Any CPU
		{A0A34273-052B-4771-BC57-58F45BCFF010}.Release|Any CPU.Build.0 = Release|Any CPU
	EndGlobalSection
	GlobalSection(SolutionProperties) = preSolution
		HideSolutionNode = FALSE
	EndGlobalSection
	GlobalSection(ExtensibilityGlobals) = postSolution
		SolutionGuid = {BF576E04-DB50-4352-B3D3-84901AD5F3FC}
	EndGlobalSection
EndGlobal
